// !$*UTF8*$!
{
	archiveVersion = 1;
	classes = {
	};
	objectVersion = 56;
	objects = {

/* Begin PBXBuildFile section */
		24C269B547242176B541AE49 /* AudioChunk.swift in Sources */ = {isa = PBXBuildFile; fileRef = BBC6DF63614DE8C35E18F3EA /* AudioChunk.swift */; };
		271B6689919B606517C5EC74 /* OnboardingView.swift in Sources */ = {isa = PBXBuildFile; fileRef = 6AE6ECB674A3D303EB80F907 /* OnboardingView.swift */; };
		3089223CCA0CCC80E3548143 /* VoiceActivityDetector.swift in Sources */ = {isa = PBXBuildFile; fileRef = 568CC81FDF6B09FA095E334E /* VoiceActivityDetector.swift */; };
		41EBFD191595D1913D380563 /* FocusSnapshot.swift in Sources */ = {isa = PBXBuildFile; fileRef = 189C3128CE605EE287F9EBF9 /* FocusSnapshot.swift */; };
		50285D87632C5E44FB633D84 /* AccessibilityPermissionManager.swift in Sources */ = {isa = PBXBuildFile; fileRef = 9F0D7F3EA5508268B8559AF8 /* AccessibilityPermissionManager.swift */; };
		58297313615B464F44FA3779 /* AudioCaptureController.swift in Sources */ = {isa = PBXBuildFile; fileRef = 2B983B023B14767BFC6741C9 /* AudioCaptureController.swift */; };
		602709DB37BDC4149A0815C7 /* StatusBarController.swift in Sources */ = {isa = PBXBuildFile; fileRef = 2359911BA86E42842D4DCEBA /* StatusBarController.swift */; };
		77CE9C280AC50884995E7FBF /* AppState.swift in Sources */ = {isa = PBXBuildFile; fileRef = 7C3095A08BB810A034C82CD4 /* AppState.swift */; };
		8BF338BC2E9AC61100FF9F32 /* StarlingApp.swift in Sources */ = {isa = PBXBuildFile; fileRef = 8BF338BB2E9AC61100FF9F32 /* StarlingApp.swift */; };
		8BF338BE2E9AC61100FF9F32 /* ContentView.swift in Sources */ = {isa = PBXBuildFile; fileRef = 8BF338BD2E9AC61100FF9F32 /* ContentView.swift */; };
		8BF338C02E9AC61300FF9F32 /* Assets.xcassets in Resources */ = {isa = PBXBuildFile; fileRef = 8BF338BF2E9AC61300FF9F32 /* Assets.xcassets */; };
		8BF338C32E9AC61300FF9F32 /* Preview Assets.xcassets in Resources */ = {isa = PBXBuildFile; fileRef = 8BF338C22E9AC61300FF9F32 /* Preview Assets.xcassets */; };
		A1D90C4E2ABD0152008F00A1 /* StarlingService.swift in Sources */ = {isa = PBXBuildFile; fileRef = A1D90C4D2ABD0152008F00A1 /* StarlingService.swift */; };
		A1D90C502ABD0152008F00A1 /* FluidAudio in Frameworks */ = {isa = PBXBuildFile; productRef = A1D90C4F2ABD0152008F00A1 /* FluidAudio */; };
		A1D90C532ABD05BF008F00A1 /* PreferencesStore.swift in Sources */ = {isa = PBXBuildFile; fileRef = A1D90C522ABD05BF008F00A1 /* PreferencesStore.swift */; };
		A1D90C552ABD08B4008F00A1 /* PreferencesView.swift in Sources */ = {isa = PBXBuildFile; fileRef = A1D90C542ABD08B4008F00A1 /* PreferencesView.swift */; };
		F24B67474563514A0F38E09F /* PasteController.swift in Sources */ = {isa = PBXBuildFile; fileRef = 82F6B062C27C3FE56D040B18 /* PasteController.swift */; };
		FDCA38EF730BFF6FCED03021 /* HotkeyManager.swift in Sources */ = {isa = PBXBuildFile; fileRef = D5F2B9204B6CC1B7798BACB0 /* HotkeyManager.swift */; };
		FE418F09D70D317850696BBF /* HUDWindowController.swift in Sources */ = {isa = PBXBuildFile; fileRef = CAD9D4CD5984C0848FA3DF63 /* HUDWindowController.swift */; };
/* End PBXBuildFile section */

/* Begin PBXFileReference section */
		189C3128CE605EE287F9EBF9 /* FocusSnapshot.swift */ = {isa = PBXFileReference; lastKnownFileType = sourcecode.swift; path = FocusSnapshot.swift; sourceTree = "<group>"; };
		2359911BA86E42842D4DCEBA /* StatusBarController.swift */ = {isa = PBXFileReference; lastKnownFileType = sourcecode.swift; path = StatusBarController.swift; sourceTree = "<group>"; };
		2B983B023B14767BFC6741C9 /* AudioCaptureController.swift */ = {isa = PBXFileReference; lastKnownFileType = sourcecode.swift; path = AudioCaptureController.swift; sourceTree = "<group>"; };
		568CC81FDF6B09FA095E334E /* VoiceActivityDetector.swift */ = {isa = PBXFileReference; lastKnownFileType = sourcecode.swift; path = VoiceActivityDetector.swift; sourceTree = "<group>"; };
		6AE6ECB674A3D303EB80F907 /* OnboardingView.swift */ = {isa = PBXFileReference; includeInIndex = 1; lastKnownFileType = sourcecode.swift; path = OnboardingView.swift; sourceTree = "<group>"; };
		7C3095A08BB810A034C82CD4 /* AppState.swift */ = {isa = PBXFileReference; lastKnownFileType = sourcecode.swift; path = AppState.swift; sourceTree = "<group>"; };
		82F6B062C27C3FE56D040B18 /* PasteController.swift */ = {isa = PBXFileReference; lastKnownFileType = sourcecode.swift; path = PasteController.swift; sourceTree = "<group>"; };
		8BF338B82E9AC61100FF9F32 /* Starling.app */ = {isa = PBXFileReference; explicitFileType = wrapper.application; includeInIndex = 0; path = Starling.app; sourceTree = BUILT_PRODUCTS_DIR; };
		8BF338BB2E9AC61100FF9F32 /* StarlingApp.swift */ = {isa = PBXFileReference; lastKnownFileType = sourcecode.swift; path = StarlingApp.swift; sourceTree = "<group>"; };
		8BF338BD2E9AC61100FF9F32 /* ContentView.swift */ = {isa = PBXFileReference; lastKnownFileType = sourcecode.swift; path = ContentView.swift; sourceTree = "<group>"; };
		8BF338BF2E9AC61300FF9F32 /* Assets.xcassets */ = {isa = PBXFileReference; lastKnownFileType = folder.assetcatalog; path = Assets.xcassets; sourceTree = "<group>"; };
		8BF338C22E9AC61300FF9F32 /* Preview Assets.xcassets */ = {isa = PBXFileReference; lastKnownFileType = folder.assetcatalog; path = "Preview Assets.xcassets"; sourceTree = "<group>"; };
		8BF338C42E9AC61300FF9F32 /* Starling.entitlements */ = {isa = PBXFileReference; lastKnownFileType = text.plist.entitlements; path = Starling.entitlements; sourceTree = "<group>"; };
		9F0D7F3EA5508268B8559AF8 /* AccessibilityPermissionManager.swift */ = {isa = PBXFileReference; lastKnownFileType = sourcecode.swift; path = AccessibilityPermissionManager.swift; sourceTree = "<group>"; };
		A1D90C4D2ABD0152008F00A1 /* StarlingService.swift */ = {isa = PBXFileReference; lastKnownFileType = sourcecode.swift; path = StarlingService.swift; sourceTree = "<group>"; };
		A1D90C522ABD05BF008F00A1 /* PreferencesStore.swift */ = {isa = PBXFileReference; lastKnownFileType = sourcecode.swift; path = PreferencesStore.swift; sourceTree = "<group>"; };
		A1D90C542ABD08B4008F00A1 /* PreferencesView.swift */ = {isa = PBXFileReference; lastKnownFileType = sourcecode.swift; path = PreferencesView.swift; sourceTree = "<group>"; };
		BBC6DF63614DE8C35E18F3EA /* AudioChunk.swift */ = {isa = PBXFileReference; lastKnownFileType = sourcecode.swift; path = AudioChunk.swift; sourceTree = "<group>"; };
		CAD9D4CD5984C0848FA3DF63 /* HUDWindowController.swift */ = {isa = PBXFileReference; lastKnownFileType = sourcecode.swift; path = HUDWindowController.swift; sourceTree = "<group>"; };
		D5F2B9204B6CC1B7798BACB0 /* HotkeyManager.swift */ = {isa = PBXFileReference; lastKnownFileType = sourcecode.swift; path = HotkeyManager.swift; sourceTree = "<group>"; };
/* End PBXFileReference section */

/* Begin PBXFrameworksBuildPhase section */
		8BF338B52E9AC61100FF9F32 /* Frameworks */ = {
			isa = PBXFrameworksBuildPhase;
			buildActionMask = 2147483647;
			files = (
				A1D90C502ABD0152008F00A1 /* FluidAudio in Frameworks */,
			);
			runOnlyForDeploymentPostprocessing = 0;
		};
/* End PBXFrameworksBuildPhase section */

/* Begin PBXGroup section */
		8BF338AF2E9AC61100FF9F32 = {
			isa = PBXGroup;
			children = (
				8BF338BA2E9AC61100FF9F32 /* Starling */,
				8BF338B92E9AC61100FF9F32 /* Products */,
			);
			sourceTree = "<group>";
		};
		8BF338B92E9AC61100FF9F32 /* Products */ = {
			isa = PBXGroup;
			children = (
				8BF338B82E9AC61100FF9F32 /* Starling.app */,
			);
			name = Products;
			sourceTree = "<group>";
		};
		8BF338BA2E9AC61100FF9F32 /* Starling */ = {
			isa = PBXGroup;
			children = (
				8BF338BB2E9AC61100FF9F32 /* StarlingApp.swift */,
				7C3095A08BB810A034C82CD4 /* AppState.swift */,
				2B983B023B14767BFC6741C9 /* AudioCaptureController.swift */,
				BBC6DF63614DE8C35E18F3EA /* AudioChunk.swift */,
				D5F2B9204B6CC1B7798BACB0 /* HotkeyManager.swift */,
				2359911BA86E42842D4DCEBA /* StatusBarController.swift */,
				CAD9D4CD5984C0848FA3DF63 /* HUDWindowController.swift */,
				9F0D7F3EA5508268B8559AF8 /* AccessibilityPermissionManager.swift */,
				189C3128CE605EE287F9EBF9 /* FocusSnapshot.swift */,
				82F6B062C27C3FE56D040B18 /* PasteController.swift */,
				568CC81FDF6B09FA095E334E /* VoiceActivityDetector.swift */,
				A1D90C522ABD05BF008F00A1 /* PreferencesStore.swift */,
				A1D90C542ABD08B4008F00A1 /* PreferencesView.swift */,
				A1D90C4D2ABD0152008F00A1 /* StarlingService.swift */,
				8BF338BD2E9AC61100FF9F32 /* ContentView.swift */,
				8BF338BF2E9AC61300FF9F32 /* Assets.xcassets */,
				8BF338C42E9AC61300FF9F32 /* Starling.entitlements */,
				8BF338C12E9AC61300FF9F32 /* Preview Content */,
				6AE6ECB674A3D303EB80F907 /* OnboardingView.swift */,
			);
			path = Starling;
			sourceTree = "<group>";
		};
		8BF338C12E9AC61300FF9F32 /* Preview Content */ = {
			isa = PBXGroup;
			children = (
				8BF338C22E9AC61300FF9F32 /* Preview Assets.xcassets */,
			);
			path = "Preview Content";
			sourceTree = "<group>";
		};
/* End PBXGroup section */

/* Begin PBXNativeTarget section */
		8BF338B72E9AC61100FF9F32 /* Starling */ = {
			isa = PBXNativeTarget;
			buildConfigurationList = 8BF338C72E9AC61300FF9F32 /* Build configuration list for PBXNativeTarget "Starling" */;
			buildPhases = (
				8BF338B42E9AC61100FF9F32 /* Sources */,
				8BF338B52E9AC61100FF9F32 /* Frameworks */,
				8BF338B62E9AC61100FF9F32 /* Resources */,
			);
			buildRules = (
			);
			dependencies = (
			);
			name = Starling;
			packageProductDependencies = (
				A1D90C4F2ABD0152008F00A1 /* FluidAudio */,
			);
			productName = Starling;
			productReference = 8BF338B82E9AC61100FF9F32 /* Starling.app */;
			productType = "com.apple.product-type.application";
		};
/* End PBXNativeTarget section */

/* Begin PBXProject section */
		8BF338B02E9AC61100FF9F32 /* Project object */ = {
			isa = PBXProject;
			attributes = {
				BuildIndependentTargetsInParallel = 1;
				LastSwiftUpdateCheck = 1540;
				LastUpgradeCheck = 1540;
				TargetAttributes = {
					8BF338B72E9AC61100FF9F32 = {
						CreatedOnToolsVersion = 15.4;
					};
				};
			};
			buildConfigurationList = 8BF338B32E9AC61100FF9F32 /* Build configuration list for PBXProject "Starling" */;
			compatibilityVersion = "Xcode 14.0";
			developmentRegion = en;
			hasScannedForEncodings = 0;
			knownRegions = (
				en,
				Base,
			);
			mainGroup = 8BF338AF2E9AC61100FF9F32;
			packageReferences = (
				A1D90C512ABD0152008F00A1 /* XCRemoteSwiftPackageReference "FluidAudio" */,
			);
			productRefGroup = 8BF338B92E9AC61100FF9F32 /* Products */;
			projectDirPath = "";
			projectRoot = "";
			targets = (
				8BF338B72E9AC61100FF9F32 /* Starling */,
			);
		};
/* End PBXProject section */

/* Begin PBXResourcesBuildPhase section */
		8BF338B62E9AC61100FF9F32 /* Resources */ = {
			isa = PBXResourcesBuildPhase;
			buildActionMask = 2147483647;
			files = (
				8BF338C32E9AC61300FF9F32 /* Preview Assets.xcassets in Resources */,
				8BF338C02E9AC61300FF9F32 /* Assets.xcassets in Resources */,
			);
			runOnlyForDeploymentPostprocessing = 0;
		};
/* End PBXResourcesBuildPhase section */

/* Begin PBXSourcesBuildPhase section */
		8BF338B42E9AC61100FF9F32 /* Sources */ = {
			isa = PBXSourcesBuildPhase;
			buildActionMask = 2147483647;
			files = (
				58297313615B464F44FA3779 /* AudioCaptureController.swift in Sources */,
				24C269B547242176B541AE49 /* AudioChunk.swift in Sources */,
				77CE9C280AC50884995E7FBF /* AppState.swift in Sources */,
				FDCA38EF730BFF6FCED03021 /* HotkeyManager.swift in Sources */,
				602709DB37BDC4149A0815C7 /* StatusBarController.swift in Sources */,
				3089223CCA0CCC80E3548143 /* VoiceActivityDetector.swift in Sources */,
				41EBFD191595D1913D380563 /* FocusSnapshot.swift in Sources */,
				F24B67474563514A0F38E09F /* PasteController.swift in Sources */,
				A1D90C4E2ABD0152008F00A1 /* ParakeetService.swift in Sources */,
				A1D90C532ABD05BF008F00A1 /* PreferencesStore.swift in Sources */,
				A1D90C552ABD08B4008F00A1 /* PreferencesView.swift in Sources */,
				FE418F09D70D317850696BBF /* HUDWindowController.swift in Sources */,
				50285D87632C5E44FB633D84 /* AccessibilityPermissionManager.swift in Sources */,
				8BF338BE2E9AC61100FF9F32 /* ContentView.swift in Sources */,
				8BF338BC2E9AC61100FF9F32 /* StarlingApp.swift in Sources */,
				271B6689919B606517C5EC74 /* OnboardingView.swift in Sources */,
			);
			runOnlyForDeploymentPostprocessing = 0;
		};
/* End PBXSourcesBuildPhase section */

/* Begin XCBuildConfiguration section */
		8BF338C52E9AC61300FF9F32 /* Debug */ = {
			isa = XCBuildConfiguration;
			buildSettings = {
				ALWAYS_SEARCH_USER_PATHS = NO;
				ASSETCATALOG_COMPILER_GENERATE_SWIFT_ASSET_SYMBOL_EXTENSIONS = YES;
				CLANG_ANALYZER_NONNULL = YES;
				CLANG_ANALYZER_NUMBER_OBJECT_CONVERSION = YES_AGGRESSIVE;
				CLANG_CXX_LANGUAGE_STANDARD = "gnu++20";
				CLANG_ENABLE_MODULES = YES;
				CLANG_ENABLE_OBJC_ARC = YES;
				CLANG_ENABLE_OBJC_WEAK = YES;
				CLANG_WARN_BLOCK_CAPTURE_AUTORELEASING = YES;
				CLANG_WARN_BOOL_CONVERSION = YES;
				CLANG_WARN_COMMA = YES;
				CLANG_WARN_CONSTANT_CONVERSION = YES;
				CLANG_WARN_DEPRECATED_OBJC_IMPLEMENTATIONS = YES;
				CLANG_WARN_DIRECT_OBJC_ISA_USAGE = YES_ERROR;
				CLANG_WARN_DOCUMENTATION_COMMENTS = YES;
				CLANG_WARN_EMPTY_BODY = YES;
				CLANG_WARN_ENUM_CONVERSION = YES;
				CLANG_WARN_INFINITE_RECURSION = YES;
				CLANG_WARN_INT_CONVERSION = YES;
				CLANG_WARN_NON_LITERAL_NULL_CONVERSION = YES;
				CLANG_WARN_OBJC_IMPLICIT_RETAIN_SELF = YES;
				CLANG_WARN_OBJC_LITERAL_CONVERSION = YES;
				CLANG_WARN_OBJC_ROOT_CLASS = YES_ERROR;
				CLANG_WARN_QUOTED_INCLUDE_IN_FRAMEWORK_HEADER = YES;
				CLANG_WARN_RANGE_LOOP_ANALYSIS = YES;
				CLANG_WARN_STRICT_PROTOTYPES = YES;
				CLANG_WARN_SUSPICIOUS_MOVE = YES;
				CLANG_WARN_UNGUARDED_AVAILABILITY = YES_AGGRESSIVE;
				CLANG_WARN_UNREACHABLE_CODE = YES;
				CLANG_WARN__DUPLICATE_METHOD_MATCH = YES;
				COPY_PHASE_STRIP = NO;
				DEBUG_INFORMATION_FORMAT = dwarf;
				ENABLE_STRICT_OBJC_MSGSEND = YES;
				ENABLE_TESTABILITY = YES;
				ENABLE_USER_SCRIPT_SANDBOXING = YES;
				GCC_C_LANGUAGE_STANDARD = gnu17;
				GCC_DYNAMIC_NO_PIC = NO;
				GCC_NO_COMMON_BLOCKS = YES;
				GCC_OPTIMIZATION_LEVEL = 0;
				GCC_PREPROCESSOR_DEFINITIONS = (
					"DEBUG=1",
					"$(inherited)",
				);
				GCC_WARN_64_TO_32_BIT_CONVERSION = YES;
				GCC_WARN_ABOUT_RETURN_TYPE = YES_ERROR;
				GCC_WARN_UNDECLARED_SELECTOR = YES;
				GCC_WARN_UNINITIALIZED_AUTOS = YES_AGGRESSIVE;
				GCC_WARN_UNUSED_FUNCTION = YES;
				GCC_WARN_UNUSED_VARIABLE = YES;
				LOCALIZATION_PREFERS_STRING_CATALOGS = YES;
				MACOSX_DEPLOYMENT_TARGET = 14.1;
				MTL_ENABLE_DEBUG_INFO = INCLUDE_SOURCE;
				MTL_FAST_MATH = YES;
				ONLY_ACTIVE_ARCH = YES;
				SDKROOT = macosx;
				SWIFT_ACTIVE_COMPILATION_CONDITIONS = "DEBUG $(inherited)";
				SWIFT_OPTIMIZATION_LEVEL = "-Onone";
			};
			name = Debug;
		};
		8BF338C62E9AC61300FF9F32 /* Release */ = {
			isa = XCBuildConfiguration;
			buildSettings = {
				ALWAYS_SEARCH_USER_PATHS = NO;
				ASSETCATALOG_COMPILER_GENERATE_SWIFT_ASSET_SYMBOL_EXTENSIONS = YES;
				CLANG_ANALYZER_NONNULL = YES;
				CLANG_ANALYZER_NUMBER_OBJECT_CONVERSION = YES_AGGRESSIVE;
				CLANG_CXX_LANGUAGE_STANDARD = "gnu++20";
				CLANG_ENABLE_MODULES = YES;
				CLANG_ENABLE_OBJC_ARC = YES;
				CLANG_ENABLE_OBJC_WEAK = YES;
				CLANG_WARN_BLOCK_CAPTURE_AUTORELEASING = YES;
				CLANG_WARN_BOOL_CONVERSION = YES;
				CLANG_WARN_COMMA = YES;
				CLANG_WARN_CONSTANT_CONVERSION = YES;
				CLANG_WARN_DEPRECATED_OBJC_IMPLEMENTATIONS = YES;
				CLANG_WARN_DIRECT_OBJC_ISA_USAGE = YES_ERROR;
				CLANG_WARN_DOCUMENTATION_COMMENTS = YES;
				CLANG_WARN_EMPTY_BODY = YES;
				CLANG_WARN_ENUM_CONVERSION = YES;
				CLANG_WARN_INFINITE_RECURSION = YES;
				CLANG_WARN_INT_CONVERSION = YES;
				CLANG_WARN_NON_LITERAL_NULL_CONVERSION = YES;
				CLANG_WARN_OBJC_IMPLICIT_RETAIN_SELF = YES;
				CLANG_WARN_OBJC_LITERAL_CONVERSION = YES;
				CLANG_WARN_OBJC_ROOT_CLASS = YES_ERROR;
				CLANG_WARN_QUOTED_INCLUDE_IN_FRAMEWORK_HEADER = YES;
				CLANG_WARN_RANGE_LOOP_ANALYSIS = YES;
				CLANG_WARN_STRICT_PROTOTYPES = YES;
				CLANG_WARN_SUSPICIOUS_MOVE = YES;
				CLANG_WARN_UNGUARDED_AVAILABILITY = YES_AGGRESSIVE;
				CLANG_WARN_UNREACHABLE_CODE = YES;
				CLANG_WARN__DUPLICATE_METHOD_MATCH = YES;
				COPY_PHASE_STRIP = NO;
				DEBUG_INFORMATION_FORMAT = "dwarf-with-dsym";
				ENABLE_NS_ASSERTIONS = NO;
				ENABLE_STRICT_OBJC_MSGSEND = YES;
				ENABLE_USER_SCRIPT_SANDBOXING = YES;
				GCC_C_LANGUAGE_STANDARD = gnu17;
				GCC_NO_COMMON_BLOCKS = YES;
				GCC_WARN_64_TO_32_BIT_CONVERSION = YES;
				GCC_WARN_ABOUT_RETURN_TYPE = YES_ERROR;
				GCC_WARN_UNDECLARED_SELECTOR = YES;
				GCC_WARN_UNINITIALIZED_AUTOS = YES_AGGRESSIVE;
				GCC_WARN_UNUSED_FUNCTION = YES;
				GCC_WARN_UNUSED_VARIABLE = YES;
				LOCALIZATION_PREFERS_STRING_CATALOGS = YES;
				MACOSX_DEPLOYMENT_TARGET = 14.1;
				MTL_ENABLE_DEBUG_INFO = NO;
				MTL_FAST_MATH = YES;
				SDKROOT = macosx;
				SWIFT_COMPILATION_MODE = wholemodule;
			};
			name = Release;
		};
		8BF338C82E9AC61300FF9F32 /* Debug */ = {
			isa = XCBuildConfiguration;
			buildSettings = {
				ASSETCATALOG_COMPILER_APPICON_NAME = AppIcon;
				ASSETCATALOG_COMPILER_GLOBAL_ACCENT_COLOR_NAME = AccentColor;
				CODE_SIGN_ENTITLEMENTS = Starling/Starling.entitlements;
				CODE_SIGN_STYLE = Automatic;
				COMBINE_HIDPI_IMAGES = YES;
				CURRENT_PROJECT_VERSION = 1;
				DEVELOPMENT_ASSET_PATHS = "\"Starling/Preview Content\"";
				DEVELOPMENT_TEAM = VZ868QXY25;
				ENABLE_HARDENED_RUNTIME = YES;
				ENABLE_PREVIEWS = YES;
				GENERATE_INFOPLIST_FILE = YES;
				INFOPLIST_KEY_LSUIElement = YES;
				INFOPLIST_KEY_NSHumanReadableCopyright = "";
				INFOPLIST_KEY_NSMicrophoneUsageDescription = "Parakeet Paste needs microphone access to transcribe speech.";
				LD_RUNPATH_SEARCH_PATHS = (
					"$(inherited)",
					"@executable_path/../Frameworks",
				);
				MARKETING_VERSION = 1.0;
				PRODUCT_BUNDLE_IDENTIFIER = com.parakeet.Starling;
				PRODUCT_NAME = "$(TARGET_NAME)";
				SWIFT_EMIT_LOC_STRINGS = YES;
				SWIFT_VERSION = 5.0;
			};
			name = Debug;
		};
		8BF338C92E9AC61300FF9F32 /* Release */ = {
			isa = XCBuildConfiguration;
			buildSettings = {
				ASSETCATALOG_COMPILER_APPICON_NAME = AppIcon;
				ASSETCATALOG_COMPILER_GLOBAL_ACCENT_COLOR_NAME = AccentColor;
				CODE_SIGN_ENTITLEMENTS = Starling/Starling.entitlements;
				CODE_SIGN_STYLE = Automatic;
				COMBINE_HIDPI_IMAGES = YES;
				CURRENT_PROJECT_VERSION = 1;
				DEVELOPMENT_ASSET_PATHS = "\"Starling/Preview Content\"";
				DEVELOPMENT_TEAM = VZ868QXY25;
				ENABLE_HARDENED_RUNTIME = YES;
				ENABLE_PREVIEWS = YES;
				GENERATE_INFOPLIST_FILE = YES;
				INFOPLIST_KEY_LSUIElement = YES;
				INFOPLIST_KEY_NSHumanReadableCopyright = "";
				INFOPLIST_KEY_NSMicrophoneUsageDescription = "Parakeet Paste needs microphone access to transcribe speech.";
				LD_RUNPATH_SEARCH_PATHS = (
					"$(inherited)",
					"@executable_path/../Frameworks",
				);
				MARKETING_VERSION = 1.0;
				PRODUCT_BUNDLE_IDENTIFIER = com.parakeet.Starling;
				PRODUCT_NAME = "$(TARGET_NAME)";
				SWIFT_EMIT_LOC_STRINGS = YES;
				SWIFT_VERSION = 5.0;
			};
			name = Release;
		};
/* End XCBuildConfiguration section */

/* Begin XCConfigurationList section */
		8BF338B32E9AC61100FF9F32 /* Build configuration list for PBXProject "Starling" */ = {
			isa = XCConfigurationList;
			buildConfigurations = (
				8BF338C52E9AC61300FF9F32 /* Debug */,
				8BF338C62E9AC61300FF9F32 /* Release */,
			);
			defaultConfigurationIsVisible = 0;
			defaultConfigurationName = Release;
		};
		8BF338C72E9AC61300FF9F32 /* Build configuration list for PBXNativeTarget "Starling" */ = {
			isa = XCConfigurationList;
			buildConfigurations = (
				8BF338C82E9AC61300FF9F32 /* Debug */,
				8BF338C92E9AC61300FF9F32 /* Release */,
			);
			defaultConfigurationIsVisible = 0;
			defaultConfigurationName = Release;
		};
/* End XCConfigurationList section */

/* Begin XCRemoteSwiftPackageReference section */
		A1D90C512ABD0152008F00A1 /* XCRemoteSwiftPackageReference "FluidAudio" */ = {
			isa = XCRemoteSwiftPackageReference;
			repositoryURL = "https://github.com/FluidInference/FluidAudio.git";
			requirement = {
				kind = upToNextMajorVersion;
				minimumVersion = 0.6.1;
			};
		};
/* End XCRemoteSwiftPackageReference section */

/* Begin XCSwiftPackageProductDependency section */
		A1D90C4F2ABD0152008F00A1 /* FluidAudio */ = {
			isa = XCSwiftPackageProductDependency;
			package = A1D90C512ABD0152008F00A1 /* XCRemoteSwiftPackageReference "FluidAudio" */;
			productName = FluidAudio;
		};
/* End XCSwiftPackageProductDependency section */
	};
	rootObject = 8BF338B02E9AC61100FF9F32 /* Project object */;
}
